# This file is automatically @generated by Cargo.
# It is not intended for manual editing.
version = 4

[[package]]
name = "iccce-cmm"
version = "0.0.1"
dependencies = [
 "iccce-color",
 "iccce-profile",
]

[[package]]
name = "iccce-color"
version = "0.0.1"

[[package]]
name = "iccce-difftest"
version = "0.0.1"
dependencies = [
 "iccce-cmm",
 "iccce-color",
 "iccce-profile",
]

[[package]]
name = "iccce-profile"
version = "0.0.1"
