# This file is automatically @generated by Cargo.
# It is not intended for manual editing.
version = 4

[[package]]
name = "iccce-cli"
version = "0.1.0"
dependencies = [
 "iccce-cmm",
 "iccce-color",
 "iccce-profile",
]

[[package]]
name = "iccce-cmm"
version = "0.1.0"
dependencies = [
 "iccce-color",
 "iccce-profile",
]

[[package]]
name = "iccce-color"
version = "0.1.0"

[[package]]
name = "iccce-measure"
version = "0.1.0"

[[package]]
name = "iccce-profile"
version = "0.1.0"
